
Microsoft Visual Studio Solution File, Format Version 12.00
# Visual Studio Version 17
VisualStudioVersion = 17.9.34622.214
MinimumVisualStudioVersion = 10.0.40219.1
Project("{FAE04EC0-301F-11D3-BF4B-00C04F79EFBC}") = "FaceBook", "FaceBook\FaceBook.csproj", "{58D2DA17-7EB5-4004-9032-7B7AA27C3449}"
EndProject
Project("{FAE04EC0-301F-11D3-BF4B-00C04F79EFBC}") = "DataAccessLayer", "DataAccessLayer\DataAccessLayer.csproj", "{680CD4F4-72AB-45B1-BF08-10C192DAD552}"
EndProject
Project("{FAE04EC0-301F-11D3-BF4B-00C04F79EFBC}") = "BusinessLayer", "BusinessLayer\BusinessLayer.csproj", "{7BD28537-C2BE-4866-809F-5DE303A3900D}"
EndProject
Global
	GlobalSection(SolutionConfigurationPlatforms) = preSolution
		Debug|Any CPU = Debug|Any CPU
		Release|Any CPU = Release|Any CPU
	EndGlobalSection
	GlobalSection(ProjectConfigurationPlatforms) = postSolution
		{58D2DA17-7EB5-4004-9032-7B7AA27C3449}.Debug|Any CPU.ActiveCfg = Debug|Any CPU
		{58D2DA17-7EB5-4004-9032-7B7AA27C3449}.Debug|Any CPU.Build.0 = Debug|Any CPU
		{58D2DA17-7EB5-4004-9032-7B7AA27C3449}.Release|Any CPU.ActiveCfg = Release|Any CPU
		{58D2DA17-7EB5-4004-9032-7B7AA27C3449}.Release|Any CPU.Build.0 = Release|Any CPU
		{680CD4F4-72AB-45B1-BF08-10C192DAD552}.Debug|Any CPU.ActiveCfg = Debug|Any CPU
		{680CD4F4-72AB-45B1-BF08-10C192DAD552}.Debug|Any CPU.Build.0 = Debug|Any CPU
		{680CD4F4-72AB-45B1-BF08-10C192DAD552}.Release|Any CPU.ActiveCfg = Release|Any CPU
		{680CD4F4-72AB-45B1-BF08-10C192DAD552}.Release|Any CPU.Build.0 = Release|Any CPU
		{7BD28537-C2BE-4866-809F-5DE303A3900D}.Debug|Any CPU.ActiveCfg = Debug|Any CPU
		{7BD28537-C2BE-4866-809F-5DE303A3900D}.Debug|Any CPU.Build.0 = Debug|Any CPU
		{7BD28537-C2BE-4866-809F-5DE303A3900D}.Release|Any CPU.ActiveCfg = Release|Any CPU
		{7BD28537-C2BE-4866-809F-5DE303A3900D}.Release|Any CPU.Build.0 = Release|Any CPU
	EndGlobalSection
	GlobalSection(SolutionProperties) = preSolution
		HideSolutionNode = FALSE
	EndGlobalSection
	GlobalSection(ExtensibilityGlobals) = postSolution
		SolutionGuid = {D88C1902-9805-428C-A8B6-0F35888CD8C3}
	EndGlobalSection
EndGlobal
